
Microsoft Visual Studio Solution File, Format Version 12.00
# Visual Studio 15
VisualStudioVersion = 15.0.27130.2026
MinimumVisualStudioVersion = 10.0.40219.1
Project("{FAE04EC0-301F-11D3-BF4B-00C04F79EFBC}") = "Cwiczenia", "Cwiczenia\Cwiczenia.csproj", "{9B03E80D-7199-4AA6-BC6D-485FD1D464B7}"
EndProject
Project("{FAE04EC0-301F-11D3-BF4B-00C04F79EFBC}") = "Cwiczenie7.1", "Cwiczenie7.1\Cwiczenie7.1.csproj", "{1AE2DA4A-022B-4757-9E76-84E129D28961}"
EndProject
Project("{FAE04EC0-301F-11D3-BF4B-00C04F79EFBC}") = "Cwiczenie7.2", "Cwiczenie7.2\Cwiczenie7.2.csproj", "{9CC1C090-A83E-4910-9648-490FBB910D51}"
EndProject
Project("{FAE04EC0-301F-11D3-BF4B-00C04F79EFBC}") = "Cwiczenie7.3", "Cwiczenie7.3\Cwiczenie7.3.csproj", "{624C5B73-B7B7-4052-84A5-C6A6AD77A6E5}"
EndProject
Project("{FAE04EC0-301F-11D3-BF4B-00C04F79EFBC}") = "Cwiczenie 7.4", "Cwiczenie 7.4\Cwiczenie 7.4.csproj", "{165A8710-733A-4636-A3DA-923E2982AC9A}"
EndProject
Project("{FAE04EC0-301F-11D3-BF4B-00C04F79EFBC}") = "Cwiczenie 7.5", "Cwiczenie 7.5\Cwiczenie 7.5.csproj", "{18B52C88-1D9A-4726-AB99-341D09BDFCAC}"
EndProject
Project("{FAE04EC0-301F-11D3-BF4B-00C04F79EFBC}") = "Cwiczenie 7.6", "Cwiczenie 7.6\Cwiczenie 7.6.csproj", "{B3BFB1D3-F39F-4EBD-992E-0D422F73EA65}"
EndProject
Project("{FAE04EC0-301F-11D3-BF4B-00C04F79EFBC}") = "Cwiczenie 8.1", "Cwiczenie 8.1\Cwiczenie 8.1.csproj", "{0ED00AA4-6789-4633-9E69-F1B46439BE01}"
EndProject
Project("{FAE04EC0-301F-11D3-BF4B-00C04F79EFBC}") = "Cwiczenie 8.2", "Cwiczenie 8.2\Cwiczenie 8.2.csproj", "{533E3815-6983-4AAA-8618-1F63FB33E47E}"
EndProject
Project("{FAE04EC0-301F-11D3-BF4B-00C04F79EFBC}") = "Cwiczenie 8.3", "Cwiczenie 8.3\Cwiczenie 8.3.csproj", "{3563B3FD-76CD-4FD2-9750-9ED677BB67C3}"
EndProject
Project("{FAE04EC0-301F-11D3-BF4B-00C04F79EFBC}") = "Cwiczenie 8.4", "Cwiczenie 8.4\Cwiczenie 8.4.csproj", "{82F33E45-697A-45A1-B894-9DAF6910F760}"
EndProject
Project("{FAE04EC0-301F-11D3-BF4B-00C04F79EFBC}") = "Cwiczenie 9.1", "Cwiczenie 9.1\Cwiczenie 9.1.csproj", "{2CB479B0-5D03-401A-88AA-0D8E47D1371F}"
EndProject
Global
	GlobalSection(SolutionConfigurationPlatforms) = preSolution
		Debug|Any CPU = Debug|Any CPU
		Release|Any CPU = Release|Any CPU
	EndGlobalSection
	GlobalSection(ProjectConfigurationPlatforms) = postSolution
		{9B03E80D-7199-4AA6-BC6D-485FD1D464B7}.Debug|Any CPU.ActiveCfg = Debug|Any CPU
		{9B03E80D-7199-4AA6-BC6D-485FD1D464B7}.Debug|Any CPU.Build.0 = Debug|Any CPU
		{9B03E80D-7199-4AA6-BC6D-485FD1D464B7}.Release|Any CPU.ActiveCfg = Release|Any CPU
		{9B03E80D-7199-4AA6-BC6D-485FD1D464B7}.Release|Any CPU.Build.0 = Release|Any CPU
		{1AE2DA4A-022B-4757-9E76-84E129D28961}.Debug|Any CPU.ActiveCfg = Debug|Any CPU
		{1AE2DA4A-022B-4757-9E76-84E129D28961}.Debug|Any CPU.Build.0 = Debug|Any CPU
		{1AE2DA4A-022B-4757-9E76-84E129D28961}.Release|Any CPU.ActiveCfg = Release|Any CPU
		{1AE2DA4A-022B-4757-9E76-84E129D28961}.Release|Any CPU.Build.0 = Release|Any CPU
		{9CC1C090-A83E-4910-9648-490FBB910D51}.Debug|Any CPU.ActiveCfg = Debug|Any CPU
		{9CC1C090-A83E-4910-9648-490FBB910D51}.Debug|Any CPU.Build.0 = Debug|Any CPU
		{9CC1C090-A83E-4910-9648-490FBB910D51}.Release|Any CPU.ActiveCfg = Release|Any CPU
		{9CC1C090-A83E-4910-9648-490FBB910D51}.Release|Any CPU.Build.0 = Release|Any CPU
		{624C5B73-B7B7-4052-84A5-C6A6AD77A6E5}.Debug|Any CPU.ActiveCfg = Debug|Any CPU
		{624C5B73-B7B7-4052-84A5-C6A6AD77A6E5}.Debug|Any CPU.Build.0 = Debug|Any CPU
		{624C5B73-B7B7-4052-84A5-C6A6AD77A6E5}.Release|Any CPU.ActiveCfg = Release|Any CPU
		{624C5B73-B7B7-4052-84A5-C6A6AD77A6E5}.Release|Any CPU.Build.0 = Release|Any CPU
		{165A8710-733A-4636-A3DA-923E2982AC9A}.Debug|Any CPU.ActiveCfg = Debug|Any CPU
		{165A8710-733A-4636-A3DA-923E2982AC9A}.Debug|Any CPU.Build.0 = Debug|Any CPU
		{165A8710-733A-4636-A3DA-923E2982AC9A}.Release|Any CPU.ActiveCfg = Release|Any CPU
		{165A8710-733A-4636-A3DA-923E2982AC9A}.Release|Any CPU.Build.0 = Release|Any CPU
		{18B52C88-1D9A-4726-AB99-341D09BDFCAC}.Debug|Any CPU.ActiveCfg = Debug|Any CPU
		{18B52C88-1D9A-4726-AB99-341D09BDFCAC}.Debug|Any CPU.Build.0 = Debug|Any CPU
		{18B52C88-1D9A-4726-AB99-341D09BDFCAC}.Release|Any CPU.ActiveCfg = Release|Any CPU
		{18B52C88-1D9A-4726-AB99-341D09BDFCAC}.Release|Any CPU.Build.0 = Release|Any CPU
		{B3BFB1D3-F39F-4EBD-992E-0D422F73EA65}.Debug|Any CPU.ActiveCfg = Debug|Any CPU
		{B3BFB1D3-F39F-4EBD-992E-0D422F73EA65}.Debug|Any CPU.Build.0 = Debug|Any CPU
		{B3BFB1D3-F39F-4EBD-992E-0D422F73EA65}.Release|Any CPU.ActiveCfg = Release|Any CPU
		{B3BFB1D3-F39F-4EBD-992E-0D422F73EA65}.Release|Any CPU.Build.0 = Release|Any CPU
		{0ED00AA4-6789-4633-9E69-F1B46439BE01}.Debug|Any CPU.ActiveCfg = Debug|Any CPU
		{0ED00AA4-6789-4633-9E69-F1B46439BE01}.Debug|Any CPU.Build.0 = Debug|Any CPU
		{0ED00AA4-6789-4633-9E69-F1B46439BE01}.Release|Any CPU.ActiveCfg = Release|Any CPU
		{0ED00AA4-6789-4633-9E69-F1B46439BE01}.Release|Any CPU.Build.0 = Release|Any CPU
		{533E3815-6983-4AAA-8618-1F63FB33E47E}.Debug|Any CPU.ActiveCfg = Debug|Any CPU
		{533E3815-6983-4AAA-8618-1F63FB33E47E}.Debug|Any CPU.Build.0 = Debug|Any CPU
		{533E3815-6983-4AAA-8618-1F63FB33E47E}.Release|Any CPU.ActiveCfg = Release|Any CPU
		{533E3815-6983-4AAA-8618-1F63FB33E47E}.Release|Any CPU.Build.0 = Release|Any CPU
		{3563B3FD-76CD-4FD2-9750-9ED677BB67C3}.Debug|Any CPU.ActiveCfg = Debug|Any CPU
		{3563B3FD-76CD-4FD2-9750-9ED677BB67C3}.Debug|Any CPU.Build.0 = Debug|Any CPU
		{3563B3FD-76CD-4FD2-9750-9ED677BB67C3}.Release|Any CPU.ActiveCfg = Release|Any CPU
		{3563B3FD-76CD-4FD2-9750-9ED677BB67C3}.Release|Any CPU.Build.0 = Release|Any CPU
		{82F33E45-697A-45A1-B894-9DAF6910F760}.Debug|Any CPU.ActiveCfg = Debug|Any CPU
		{82F33E45-697A-45A1-B894-9DAF6910F760}.Debug|Any CPU.Build.0 = Debug|Any CPU
		{82F33E45-697A-45A1-B894-9DAF6910F760}.Release|Any CPU.ActiveCfg = Release|Any CPU
		{82F33E45-697A-45A1-B894-9DAF6910F760}.Release|Any CPU.Build.0 = Release|Any CPU
		{2CB479B0-5D03-401A-88AA-0D8E47D1371F}.Debug|Any CPU.ActiveCfg = Debug|Any CPU
		{2CB479B0-5D03-401A-88AA-0D8E47D1371F}.Debug|Any CPU.Build.0 = Debug|Any CPU
		{2CB479B0-5D03-401A-88AA-0D8E47D1371F}.Release|Any CPU.ActiveCfg = Release|Any CPU
		{2CB479B0-5D03-401A-88AA-0D8E47D1371F}.Release|Any CPU.Build.0 = Release|Any CPU
	EndGlobalSection
	GlobalSection(SolutionProperties) = preSolution
		HideSolutionNode = FALSE
	EndGlobalSection
	GlobalSection(ExtensibilityGlobals) = postSolution
		SolutionGuid = {E5D790E0-A648-4070-92CD-C7348E0BF500}
	EndGlobalSection
EndGlobal
